// !$*UTF8*$!
{
	archiveVersion = 1;
	classes = {
	};
	objectVersion = 46;
	objects = {

/* Begin PBXBuildFile section */
		3C2A96181EEBED6D00F433D7 /* main.m in Sources */ = {isa = PBXBuildFile; fileRef = 3C2A96171EEBED6D00F433D7 /* main.m */; };
		3C2A961B1EEBED6D00F433D7 /* AppDelegate.m in Sources */ = {isa = PBXBuildFile; fileRef = 3C2A961A1EEBED6D00F433D7 /* AppDelegate.m */; };
		3C2A96231EEBED6D00F433D7 /* Assets.xcassets in Resources */ = {isa = PBXBuildFile; fileRef = 3C2A96221EEBED6D00F433D7 /* Assets.xcassets */; };
		3C2A96261EEBED6D00F433D7 /* LaunchScreen.storyboard in Resources */ = {isa = PBXBuildFile; fileRef = 3C2A96241EEBED6D00F433D7 /* LaunchScreen.storyboard */; };
		3C2A96341EEBEF3600F433D7 /* NetworkManager.m in Sources */ = {isa = PBXBuildFile; fileRef = 3C2A96331EEBEF3600F433D7 /* NetworkManager.m */; };
		3C363B461EECDE0D00E1FF40 /* NewsDetailViewController.m in Sources */ = {isa = PBXBuildFile; fileRef = 3C363B451EECDE0D00E1FF40 /* NewsDetailViewController.m */; };
		3C8F4CA31EEC1F5B00864164 /* NewsModel.m in Sources */ = {isa = PBXBuildFile; fileRef = 3C8F4CA21EEC1F5B00864164 /* NewsModel.m */; };
		3C8F4CA71EEC25E800864164 /* HomeViewController.m in Sources */ = {isa = PBXBuildFile; fileRef = 3C8F4CA61EEC25E800864164 /* HomeViewController.m */; };
		3C8F4CA91EEC270400864164 /* Main.storyboard in Resources */ = {isa = PBXBuildFile; fileRef = 3C8F4CA81EEC270400864164 /* Main.storyboard */; };
		3C8F4CAD1EEC2F4700864164 /* NewsTableViewCell.m in Sources */ = {isa = PBXBuildFile; fileRef = 3C8F4CAC1EEC2F4700864164 /* NewsTableViewCell.m */; };
		3C8F4CAF1EEC2F5C00864164 /* BaseCell.xib in Resources */ = {isa = PBXBuildFile; fileRef = 3C8F4CAE1EEC2F5C00864164 /* BaseCell.xib */; };
		3C8F4CB11EEC507100864164 /* BigCell.xib in Resources */ = {isa = PBXBuildFile; fileRef = 3C8F4CB01EEC507100864164 /* BigCell.xib */; };
		3C8F4CB31EEC555600864164 /* imagesCell.xib in Resources */ = {isa = PBXBuildFile; fileRef = 3C8F4CB21EEC555600864164 /* imagesCell.xib */; };
		3C8F4CB61EEC5CCD00864164 /* SliderView.m in Sources */ = {isa = PBXBuildFile; fileRef = 3C8F4CB51EEC5CCD00864164 /* SliderView.m */; };
		8BE14A93C973CAAC7B03D8F6 /* libPods-网易新闻.a in Frameworks */ = {isa = PBXBuildFile; fileRef = BB01E60BEF9A7C869168C257 /* libPods-网易新闻.a */; };
/* End PBXBuildFile section */

/* Begin PBXFileReference section */
		3C2A96131EEBED6D00F433D7 /* 网易新闻.app */ = {isa = PBXFileReference; explicitFileType = wrapper.application; includeInIndex = 0; path = "网易新闻.app"; sourceTree = BUILT_PRODUCTS_DIR; };
		3C2A96171EEBED6D00F433D7 /* main.m */ = {isa = PBXFileReference; lastKnownFileType = sourcecode.c.objc; path = main.m; sourceTree = "<group>"; };
		3C2A96191EEBED6D00F433D7 /* AppDelegate.h */ = {isa = PBXFileReference; lastKnownFileType = sourcecode.c.h; path = AppDelegate.h; sourceTree = "<group>"; };
		3C2A961A1EEBED6D00F433D7 /* AppDelegate.m */ = {isa = PBXFileReference; lastKnownFileType = sourcecode.c.objc; path = AppDelegate.m; sourceTree = "<group>"; };
		3C2A96221EEBED6D00F433D7 /* Assets.xcassets */ = {isa = PBXFileReference; lastKnownFileType = folder.assetcatalog; path = Assets.xcassets; sourceTree = "<group>"; };
		3C2A96251EEBED6D00F433D7 /* Base */ = {isa = PBXFileReference; lastKnownFileType = file.storyboard; name = Base; path = Base.lproj/LaunchScreen.storyboard; sourceTree = "<group>"; };
		3C2A96271EEBED6D00F433D7 /* Info.plist */ = {isa = PBXFileReference; lastKnownFileType = text.plist.xml; path = Info.plist; sourceTree = "<group>"; };
		3C2A96321EEBEF3600F433D7 /* NetworkManager.h */ = {isa = PBXFileReference; fileEncoding = 4; lastKnownFileType = sourcecode.c.h; path = NetworkManager.h; sourceTree = "<group>"; };
		3C2A96331EEBEF3600F433D7 /* NetworkManager.m */ = {isa = PBXFileReference; fileEncoding = 4; lastKnownFileType = sourcecode.c.objc; path = NetworkManager.m; sourceTree = "<group>"; };
		3C363B441EECDE0D00E1FF40 /* NewsDetailViewController.h */ = {isa = PBXFileReference; fileEncoding = 4; lastKnownFileType = sourcecode.c.h; path = NewsDetailViewController.h; sourceTree = "<group>"; };
		3C363B451EECDE0D00E1FF40 /* NewsDetailViewController.m */ = {isa = PBXFileReference; fileEncoding = 4; lastKnownFileType = sourcecode.c.objc; path = NewsDetailViewController.m; sourceTree = "<group>"; };
		3C8F4CA11EEC1F5B00864164 /* NewsModel.h */ = {isa = PBXFileReference; fileEncoding = 4; lastKnownFileType = sourcecode.c.h; path = NewsModel.h; sourceTree = "<group>"; };
		3C8F4CA21EEC1F5B00864164 /* NewsModel.m */ = {isa = PBXFileReference; fileEncoding = 4; lastKnownFileType = sourcecode.c.objc; path = NewsModel.m; sourceTree = "<group>"; };
		3C8F4CA51EEC25E800864164 /* HomeViewController.h */ = {isa = PBXFileReference; fileEncoding = 4; lastKnownFileType = sourcecode.c.h; path = HomeViewController.h; sourceTree = "<group>"; };
		3C8F4CA61EEC25E800864164 /* HomeViewController.m */ = {isa = PBXFileReference; fileEncoding = 4; lastKnownFileType = sourcecode.c.objc; path = HomeViewController.m; sourceTree = "<group>"; };
		3C8F4CA81EEC270400864164 /* Main.storyboard */ = {isa = PBXFileReference; fileEncoding = 4; lastKnownFileType = file.storyboard; path = Main.storyboard; sourceTree = "<group>"; };
		3C8F4CAB1EEC2F4700864164 /* NewsTableViewCell.h */ = {isa = PBXFileReference; fileEncoding = 4; lastKnownFileType = sourcecode.c.h; path = NewsTableViewCell.h; sourceTree = "<group>"; };
		3C8F4CAC1EEC2F4700864164 /* NewsTableViewCell.m */ = {isa = PBXFileReference; fileEncoding = 4; lastKnownFileType = sourcecode.c.objc; path = NewsTableViewCell.m; sourceTree = "<group>"; };
		3C8F4CAE1EEC2F5C00864164 /* BaseCell.xib */ = {isa = PBXFileReference; fileEncoding = 4; lastKnownFileType = file.xib; path = BaseCell.xib; sourceTree = "<group>"; };
		3C8F4CB01EEC507100864164 /* BigCell.xib */ = {isa = PBXFileReference; fileEncoding = 4; lastKnownFileType = file.xib; path = BigCell.xib; sourceTree = "<group>"; };
		3C8F4CB21EEC555600864164 /* imagesCell.xib */ = {isa = PBXFileReference; fileEncoding = 4; lastKnownFileType = file.xib; path = imagesCell.xib; sourceTree = "<group>"; };
		3C8F4CB41EEC5CCD00864164 /* SliderView.h */ = {isa = PBXFileReference; fileEncoding = 4; lastKnownFileType = sourcecode.c.h; path = SliderView.h; sourceTree = "<group>"; };
		3C8F4CB51EEC5CCD00864164 /* SliderView.m */ = {isa = PBXFileReference; fileEncoding = 4; lastKnownFileType = sourcecode.c.objc; path = SliderView.m; sourceTree = "<group>"; };
		68A2C0AA7EB395F7B46655F6 /* Pods-网易新闻.release.xcconfig */ = {isa = PBXFileReference; includeInIndex = 1; lastKnownFileType = text.xcconfig; name = "Pods-网易新闻.release.xcconfig"; path = "Pods/Target Support Files/Pods-网易新闻/Pods-网易新闻.release.xcconfig"; sourceTree = "<group>"; };
		7952807F83D45AA2B24F0DFA /* Pods-网易新闻.debug.xcconfig */ = {isa = PBXFileReference; includeInIndex = 1; lastKnownFileType = text.xcconfig; name = "Pods-网易新闻.debug.xcconfig"; path = "Pods/Target Support Files/Pods-网易新闻/Pods-网易新闻.debug.xcconfig"; sourceTree = "<group>"; };
		BB01E60BEF9A7C869168C257 /* libPods-网易新闻.a */ = {isa = PBXFileReference; explicitFileType = archive.ar; includeInIndex = 0; path = "libPods-网易新闻.a"; sourceTree = BUILT_PRODUCTS_DIR; };
/* End PBXFileReference section */

/* Begin PBXFrameworksBuildPhase section */
		3C2A96101EEBED6D00F433D7 /* Frameworks */ = {
			isa = PBXFrameworksBuildPhase;
			buildActionMask = 2147483647;
			files = (
				8BE14A93C973CAAC7B03D8F6 /* libPods-网易新闻.a in Frameworks */,
			);
			runOnlyForDeploymentPostprocessing = 0;
		};
/* End PBXFrameworksBuildPhase section */

/* Begin PBXGroup section */
		3C2A960A1EEBED6D00F433D7 = {
			isa = PBXGroup;
			children = (
				3C2A96151EEBED6D00F433D7 /* 网易新闻 */,
				3C2A96141EEBED6D00F433D7 /* Products */,
				AA20E84E4CDB87C4FAAD31DB /* Pods */,
				7564D2F251A0D152F101627A /* Frameworks */,
			);
			sourceTree = "<group>";
		};
		3C2A96141EEBED6D00F433D7 /* Products */ = {
			isa = PBXGroup;
			children = (
				3C2A96131EEBED6D00F433D7 /* 网易新闻.app */,
			);
			name = Products;
			sourceTree = "<group>";
		};
		3C2A96151EEBED6D00F433D7 /* 网易新闻 */ = {
			isa = PBXGroup;
			children = (
				3C8F4CAA1EEC2F2300864164 /* View */,
				3C8F4CA41EEC25CA00864164 /* Controller */,
				3C2A962E1EEBEE7A00F433D7 /* Tools */,
				3C2A962D1EEBEE7A00F433D7 /* Model */,
				3C2A96191EEBED6D00F433D7 /* AppDelegate.h */,
				3C2A961A1EEBED6D00F433D7 /* AppDelegate.m */,
				3C8F4CA81EEC270400864164 /* Main.storyboard */,
				3C2A96221EEBED6D00F433D7 /* Assets.xcassets */,
				3C2A96241EEBED6D00F433D7 /* LaunchScreen.storyboard */,
				3C2A96271EEBED6D00F433D7 /* Info.plist */,
				3C2A96161EEBED6D00F433D7 /* Supporting Files */,
			);
			path = "网易新闻";
			sourceTree = "<group>";
		};
		3C2A96161EEBED6D00F433D7 /* Supporting Files */ = {
			isa = PBXGroup;
			children = (
				3C2A96171EEBED6D00F433D7 /* main.m */,
			);
			name = "Supporting Files";
			sourceTree = "<group>";
		};
		3C2A962D1EEBEE7A00F433D7 /* Model */ = {
			isa = PBXGroup;
			children = (
				3C8F4CA11EEC1F5B00864164 /* NewsModel.h */,
				3C8F4CA21EEC1F5B00864164 /* NewsModel.m */,
			);
			path = Model;
			sourceTree = "<group>";
		};
		3C2A962E1EEBEE7A00F433D7 /* Tools */ = {
			isa = PBXGroup;
			children = (
				3C2A96321EEBEF3600F433D7 /* NetworkManager.h */,
				3C2A96331EEBEF3600F433D7 /* NetworkManager.m */,
			);
			path = Tools;
			sourceTree = "<group>";
		};
		3C8F4CA41EEC25CA00864164 /* Controller */ = {
			isa = PBXGroup;
			children = (
				3C8F4CA51EEC25E800864164 /* HomeViewController.h */,
				3C8F4CA61EEC25E800864164 /* HomeViewController.m */,
				3C363B441EECDE0D00E1FF40 /* NewsDetailViewController.h */,
				3C363B451EECDE0D00E1FF40 /* NewsDetailViewController.m */,
			);
			path = Controller;
			sourceTree = "<group>";
		};
		3C8F4CAA1EEC2F2300864164 /* View */ = {
			isa = PBXGroup;
			children = (
				3C8F4CAB1EEC2F4700864164 /* NewsTableViewCell.h */,
				3C8F4CAC1EEC2F4700864164 /* NewsTableViewCell.m */,
				3C8F4CAE1EEC2F5C00864164 /* BaseCell.xib */,
				3C8F4CB01EEC507100864164 /* BigCell.xib */,
				3C8F4CB21EEC555600864164 /* imagesCell.xib */,
				3C8F4CB41EEC5CCD00864164 /* SliderView.h */,
				3C8F4CB51EEC5CCD00864164 /* SliderView.m */,
			);
			path = View;
			sourceTree = "<group>";
		};
		7564D2F251A0D152F101627A /* Frameworks */ = {
			isa = PBXGroup;
			children = (
				BB01E60BEF9A7C869168C257 /* libPods-网易新闻.a */,
			);
			name = Frameworks;
			sourceTree = "<group>";
		};
		AA20E84E4CDB87C4FAAD31DB /* Pods */ = {
			isa = PBXGroup;
			children = (
				7952807F83D45AA2B24F0DFA /* Pods-网易新闻.debug.xcconfig */,
				68A2C0AA7EB395F7B46655F6 /* Pods-网易新闻.release.xcconfig */,
			);
			name = Pods;
			sourceTree = "<group>";
		};
/* End PBXGroup section */

/* Begin PBXNativeTarget section */
		3C2A96121EEBED6D00F433D7 /* 网易新闻 */ = {
			isa = PBXNativeTarget;
			buildConfigurationList = 3C2A962A1EEBED6D00F433D7 /* Build configuration list for PBXNativeTarget "网易新闻" */;
			buildPhases = (
				30E3397C4E2359615884B5A5 /* [CP] Check Pods Manifest.lock */,
				3C2A960F1EEBED6D00F433D7 /* Sources */,
				3C2A96101EEBED6D00F433D7 /* Frameworks */,
				3C2A96111EEBED6D00F433D7 /* Resources */,
				3ECBEBA3BB3F129B47265BD2 /* [CP] Embed Pods Frameworks */,
				C81E2B92811E6CF13E973B34 /* [CP] Copy Pods Resources */,
			);
			buildRules = (
			);
			dependencies = (
			);
			name = "网易新闻";
			productName = "网易新闻";
			productReference = 3C2A96131EEBED6D00F433D7 /* 网易新闻.app */;
			productType = "com.apple.product-type.application";
		};
/* End PBXNativeTarget section */

/* Begin PBXProject section */
		3C2A960B1EEBED6D00F433D7 /* Project object */ = {
			isa = PBXProject;
			attributes = {
				LastUpgradeCheck = 0830;
				ORGANIZATIONNAME = King;
				TargetAttributes = {
					3C2A96121EEBED6D00F433D7 = {
						CreatedOnToolsVersion = 8.3.1;
						ProvisioningStyle = Automatic;
					};
				};
			};
			buildConfigurationList = 3C2A960E1EEBED6D00F433D7 /* Build configuration list for PBXProject "网易新闻" */;
			compatibilityVersion = "Xcode 3.2";
			developmentRegion = English;
			hasScannedForEncodings = 0;
			knownRegions = (
				en,
				Base,
			);
			mainGroup = 3C2A960A1EEBED6D00F433D7;
			productRefGroup = 3C2A96141EEBED6D00F433D7 /* Products */;
			projectDirPath = "";
			projectRoot = "";
			targets = (
				3C2A96121EEBED6D00F433D7 /* 网易新闻 */,
			);
		};
/* End PBXProject section */

/* Begin PBXResourcesBuildPhase section */
		3C2A96111EEBED6D00F433D7 /* Resources */ = {
			isa = PBXResourcesBuildPhase;
			buildActionMask = 2147483647;
			files = (
				3C8F4CB11EEC507100864164 /* BigCell.xib in Resources */,
				3C8F4CAF1EEC2F5C00864164 /* BaseCell.xib in Resources */,
				3C8F4CA91EEC270400864164 /* Main.storyboard in Resources */,
				3C2A96261EEBED6D00F433D7 /* LaunchScreen.storyboard in Resources */,
				3C2A96231EEBED6D00F433D7 /* Assets.xcassets in Resources */,
				3C8F4CB31EEC555600864164 /* imagesCell.xib in Resources */,
			);
			runOnlyForDeploymentPostprocessing = 0;
		};
/* End PBXResourcesBuildPhase section */

/* Begin PBXShellScriptBuildPhase section */
		30E3397C4E2359615884B5A5 /* [CP] Check Pods Manifest.lock */ = {
			isa = PBXShellScriptBuildPhase;
			buildActionMask = 2147483647;
			files = (
			);
			inputPaths = (
			);
			name = "[CP] Check Pods Manifest.lock";
			outputPaths = (
			);
			runOnlyForDeploymentPostprocessing = 0;
			shellPath = /bin/sh;
			shellScript = "diff \"${PODS_PODFILE_DIR_PATH}/Podfile.lock\" \"${PODS_ROOT}/Manifest.lock\" > /dev/null\nif [ $? != 0 ] ; then\n    # print error to STDERR\n    echo \"error: The sandbox is not in sync with the Podfile.lock. Run 'pod install' or update your CocoaPods installation.\" >&2\n    exit 1\nfi\n";
			showEnvVarsInLog = 0;
		};
		3ECBEBA3BB3F129B47265BD2 /* [CP] Embed Pods Frameworks */ = {
			isa = PBXShellScriptBuildPhase;
			buildActionMask = 2147483647;
			files = (
			);
			inputPaths = (
			);
			name = "[CP] Embed Pods Frameworks";
			outputPaths = (
			);
			runOnlyForDeploymentPostprocessing = 0;
			shellPath = /bin/sh;
			shellScript = "\"${SRCROOT}/Pods/Target Support Files/Pods-网易新闻/Pods-网易新闻-frameworks.sh\"\n";
			showEnvVarsInLog = 0;
		};
		C81E2B92811E6CF13E973B34 /* [CP] Copy Pods Resources */ = {
			isa = PBXShellScriptBuildPhase;
			buildActionMask = 2147483647;
			files = (
			);
			inputPaths = (
			);
			name = "[CP] Copy Pods Resources";
			outputPaths = (
			);
			runOnlyForDeploymentPostprocessing = 0;
			shellPath = /bin/sh;
			shellScript = "\"${SRCROOT}/Pods/Target Support Files/Pods-网易新闻/Pods-网易新闻-resources.sh\"\n";
			showEnvVarsInLog = 0;
		};
/* End PBXShellScriptBuildPhase section */

/* Begin PBXSourcesBuildPhase section */
		3C2A960F1EEBED6D00F433D7 /* Sources */ = {
			isa = PBXSourcesBuildPhase;
			buildActionMask = 2147483647;
			files = (
				3C8F4CA31EEC1F5B00864164 /* NewsModel.m in Sources */,
				3C2A96341EEBEF3600F433D7 /* NetworkManager.m in Sources */,
				3C8F4CAD1EEC2F4700864164 /* NewsTableViewCell.m in Sources */,
				3C8F4CB61EEC5CCD00864164 /* SliderView.m in Sources */,
				3C363B461EECDE0D00E1FF40 /* NewsDetailViewController.m in Sources */,
				3C2A961B1EEBED6D00F433D7 /* AppDelegate.m in Sources */,
				3C2A96181EEBED6D00F433D7 /* main.m in Sources */,
				3C8F4CA71EEC25E800864164 /* HomeViewController.m in Sources */,
			);
			runOnlyForDeploymentPostprocessing = 0;
		};
/* End PBXSourcesBuildPhase section */

/* Begin PBXVariantGroup section */
		3C2A96241EEBED6D00F433D7 /* LaunchScreen.storyboard */ = {
			isa = PBXVariantGroup;
			children = (
				3C2A96251EEBED6D00F433D7 /* Base */,
			);
			name = LaunchScreen.storyboard;
			sourceTree = "<group>";
		};
/* End PBXVariantGroup section */

/* Begin XCBuildConfiguration section */
		3C2A96281EEBED6D00F433D7 /* Debug */ = {
			isa = XCBuildConfiguration;
			buildSettings = {
				ALWAYS_SEARCH_USER_PATHS = NO;
				CLANG_ANALYZER_NONNULL = YES;
				CLANG_ANALYZER_NUMBER_OBJECT_CONVERSION = YES_AGGRESSIVE;
				CLANG_CXX_LANGUAGE_STANDARD = "gnu++0x";
				CLANG_CXX_LIBRARY = "libc++";
				CLANG_ENABLE_MODULES = YES;
				CLANG_ENABLE_OBJC_ARC = YES;
				CLANG_WARN_BOOL_CONVERSION = YES;
				CLANG_WARN_CONSTANT_CONVERSION = YES;
				CLANG_WARN_DIRECT_OBJC_ISA_USAGE = YES_ERROR;
				CLANG_WARN_DOCUMENTATION_COMMENTS = YES;
				CLANG_WARN_EMPTY_BODY = YES;
				CLANG_WARN_ENUM_CONVERSION = YES;
				CLANG_WARN_INFINITE_RECURSION = YES;
				CLANG_WARN_INT_CONVERSION = YES;
				CLANG_WARN_OBJC_ROOT_CLASS = YES_ERROR;
				CLANG_WARN_SUSPICIOUS_MOVE = YES;
				CLANG_WARN_UNREACHABLE_CODE = YES;
				CLANG_WARN__DUPLICATE_METHOD_MATCH = YES;
				"CODE_SIGN_IDENTITY[sdk=iphoneos*]" = "iPhone Developer";
				COPY_PHASE_STRIP = NO;
				DEBUG_INFORMATION_FORMAT = dwarf;
				ENABLE_STRICT_OBJC_MSGSEND = YES;
				ENABLE_TESTABILITY = YES;
				GCC_C_LANGUAGE_STANDARD = gnu99;
				GCC_DYNAMIC_NO_PIC = NO;
				GCC_NO_COMMON_BLOCKS = YES;
				GCC_OPTIMIZATION_LEVEL = 0;
				GCC_PREPROCESSOR_DEFINITIONS = (
					"DEBUG=1",
					"$(inherited)",
				);
				GCC_WARN_64_TO_32_BIT_CONVERSION = YES;
				GCC_WARN_ABOUT_RETURN_TYPE = YES_ERROR;
				GCC_WARN_UNDECLARED_SELECTOR = YES;
				GCC_WARN_UNINITIALIZED_AUTOS = YES_AGGRESSIVE;
				GCC_WARN_UNUSED_FUNCTION = YES;
				GCC_WARN_UNUSED_VARIABLE = YES;
				IPHONEOS_DEPLOYMENT_TARGET = 10.3;
				MTL_ENABLE_DEBUG_INFO = YES;
				ONLY_ACTIVE_ARCH = YES;
				SDKROOT = iphoneos;
			};
			name = Debug;
		};
		3C2A96291EEBED6D00F433D7 /* Release */ = {
			isa = XCBuildConfiguration;
			buildSettings = {
				ALWAYS_SEARCH_USER_PATHS = NO;
				CLANG_ANALYZER_NONNULL = YES;
				CLANG_ANALYZER_NUMBER_OBJECT_CONVERSION = YES_AGGRESSIVE;
				CLANG_CXX_LANGUAGE_STANDARD = "gnu++0x";
				CLANG_CXX_LIBRARY = "libc++";
				CLANG_ENABLE_MODULES = YES;
				CLANG_ENABLE_OBJC_ARC = YES;
				CLANG_WARN_BOOL_CONVERSION = YES;
				CLANG_WARN_CONSTANT_CONVERSION = YES;
				CLANG_WARN_DIRECT_OBJC_ISA_USAGE = YES_ERROR;
				CLANG_WARN_DOCUMENTATION_COMMENTS = YES;
				CLANG_WARN_EMPTY_BODY = YES;
				CLANG_WARN_ENUM_CONVERSION = YES;
				CLANG_WARN_INFINITE_RECURSION = YES;
				CLANG_WARN_INT_CONVERSION = YES;
				CLANG_WARN_OBJC_ROOT_CLASS = YES_ERROR;
				CLANG_WARN_SUSPICIOUS_MOVE = YES;
				CLANG_WARN_UNREACHABLE_CODE = YES;
				CLANG_WARN__DUPLICATE_METHOD_MATCH = YES;
				"CODE_SIGN_IDENTITY[sdk=iphoneos*]" = "iPhone Developer";
				COPY_PHASE_STRIP = NO;
				DEBUG_INFORMATION_FORMAT = "dwarf-with-dsym";
				ENABLE_NS_ASSERTIONS = NO;
				ENABLE_STRICT_OBJC_MSGSEND = YES;
				GCC_C_LANGUAGE_STANDARD = gnu99;
				GCC_NO_COMMON_BLOCKS = YES;
				GCC_WARN_64_TO_32_BIT_CONVERSION = YES;
				GCC_WARN_ABOUT_RETURN_TYPE = YES_ERROR;
				GCC_WARN_UNDECLARED_SELECTOR = YES;
				GCC_WARN_UNINITIALIZED_AUTOS = YES_AGGRESSIVE;
				GCC_WARN_UNUSED_FUNCTION = YES;
				GCC_WARN_UNUSED_VARIABLE = YES;
				IPHONEOS_DEPLOYMENT_TARGET = 10.3;
				MTL_ENABLE_DEBUG_INFO = NO;
				SDKROOT = iphoneos;
				VALIDATE_PRODUCT = YES;
			};
			name = Release;
		};
		3C2A962B1EEBED6D00F433D7 /* Debug */ = {
			isa = XCBuildConfiguration;
			baseConfigurationReference = 7952807F83D45AA2B24F0DFA /* Pods-网易新闻.debug.xcconfig */;
			buildSettings = {
				ASSETCATALOG_COMPILER_APPICON_NAME = AppIcon;
				INFOPLIST_FILE = "网易新闻/Info.plist";
				IPHONEOS_DEPLOYMENT_TARGET = 9.1;
				LD_RUNPATH_SEARCH_PATHS = "$(inherited) @executable_path/Frameworks";
				PRODUCT_BUNDLE_IDENTIFIER = "com.king.----";
				PRODUCT_NAME = "$(TARGET_NAME)";
			};
			name = Debug;
		};
		3C2A962C1EEBED6D00F433D7 /* Release */ = {
			isa = XCBuildConfiguration;
			baseConfigurationReference = 68A2C0AA7EB395F7B46655F6 /* Pods-网易新闻.release.xcconfig */;
			buildSettings = {
				ASSETCATALOG_COMPILER_APPICON_NAME = AppIcon;
				INFOPLIST_FILE = "网易新闻/Info.plist";
				IPHONEOS_DEPLOYMENT_TARGET = 9.1;
				LD_RUNPATH_SEARCH_PATHS = "$(inherited) @executable_path/Frameworks";
				PRODUCT_BUNDLE_IDENTIFIER = "com.king.----";
				PRODUCT_NAME = "$(TARGET_NAME)";
			};
			name = Release;
		};
/* End XCBuildConfiguration section */

/* Begin XCConfigurationList section */
		3C2A960E1EEBED6D00F433D7 /* Build configuration list for PBXProject "网易新闻" */ = {
			isa = XCConfigurationList;
			buildConfigurations = (
				3C2A96281EEBED6D00F433D7 /* Debug */,
				3C2A96291EEBED6D00F433D7 /* Release */,
			);
			defaultConfigurationIsVisible = 0;
			defaultConfigurationName = Release;
		};
		3C2A962A1EEBED6D00F433D7 /* Build configuration list for PBXNativeTarget "网易新闻" */ = {
			isa = XCConfigurationList;
			buildConfigurations = (
				3C2A962B1EEBED6D00F433D7 /* Debug */,
				3C2A962C1EEBED6D00F433D7 /* Release */,
			);
			defaultConfigurationIsVisible = 0;
			defaultConfigurationName = Release;
		};
/* End XCConfigurationList section */
	};
	rootObject = 3C2A960B1EEBED6D00F433D7 /* Project object */;
}
